
Microsoft Visual Studio Solution File, Format Version 12.00
# Visual Studio Version 17
VisualStudioVersion = 17.1.32210.238
MinimumVisualStudioVersion = 10.0.40219.1
Project("{FAE04EC0-301F-11D3-BF4B-00C04F79EFBC}") = "ObfuscatedApplication", "ObfuscatedApplication\ObfuscatedApplication.csproj", "{FE43C53E-34B0-487E-A5DA-054628A41D67}"
EndProject
Global
	GlobalSection(SolutionConfigurationPlatforms) = preSolution
		Debug|Any CPU = Debug|Any CPU
		Release|Any CPU = Release|Any CPU
	EndGlobalSection
	GlobalSection(ProjectConfigurationPlatforms) = postSolution
		{FE43C53E-34B0-487E-A5DA-054628A41D67}.Debug|Any CPU.ActiveCfg = Debug|Any CPU
		{FE43C53E-34B0-487E-A5DA-054628A41D67}.Debug|Any CPU.Build.0 = Debug|Any CPU
		{FE43C53E-34B0-487E-A5DA-054628A41D67}.Release|Any CPU.ActiveCfg = Release|Any CPU
		{FE43C53E-34B0-487E-A5DA-054628A41D67}.Release|Any CPU.Build.0 = Release|Any CPU
	EndGlobalSection
	GlobalSection(SolutionProperties) = preSolution
		HideSolutionNode = FALSE
	EndGlobalSection
	GlobalSection(ExtensibilityGlobals) = postSolution
		SolutionGuid = {C345135C-A34B-4DB1-BE29-43A40E721679}
	EndGlobalSection
EndGlobal
